{
  "name": "web",
  "lockfileVersion": 3,
  "requires": true,
  "packages": {
    "": {
      "dependencies": {
        "@wllama/wllama": "3.2.2",
        "@wllama/wllama-compat": "3.2.2"
      }
    },
    "node_modules/@wllama/wllama": {
      "version": "3.2.2",
      "resolved": "https://registry.npmjs.org/@wllama/wllama/-/wllama-3.2.2.tgz",
      "integrity": "sha512-a2eD8D8Q4QOeZuoiI36OOh55+A9CWOyNXJoXLHP9hCPwJZY21KRh1f/ero8q2g4YpHa1HS+8KVjfrhMheEj8bA==",
      "license": "MIT"
    },
    "node_modules/@wllama/wllama-compat": {
      "version": "3.2.2",
      "resolved": "https://registry.npmjs.org/@wllama/wllama-compat/-/wllama-compat-3.2.2.tgz",
      "integrity": "sha512-wNdMWgQjwm42zBZn2QWEkhSm2q9gdaU1kQDrbb/gXfYO7ibcj6GU2Tr9UyaF61uRicN0hauLlM6ZC2wGtEVEXg==",
      "license": "MIT"
    }
  }
}
